
Microsoft Visual Studio Solution File, Format Version 12.00
# Visual Studio Version 17
VisualStudioVersion = 17.13.36105.23
MinimumVisualStudioVersion = 10.0.40219.1
Project("{2150E333-8FDC-42A3-9474-1A3956D46DE8}") = "Obserwator", "Obserwator", "{B86E4AE1-AAA4-479C-9B1A-CEEB8C8A0333}"
EndProject
Project("{9A19103F-16F7-4668-BE54-9A1E7A4F7556}") = "Obserwator_Suchy", "Obserwator_Suchy\Obserwator_Suchy.csproj", "{5537FAFD-CFE4-4440-9967-7B03D976935F}"
EndProject
Project("{2150E333-8FDC-42A3-9474-1A3956D46DE8}") = "Strategie", "Strategie", "{0543DD1C-F2B7-476B-B890-9656D3C07E74}"
EndProject
Project("{9A19103F-16F7-4668-BE54-9A1E7A4F7556}") = "Strategia_Kaczki", "Strategia_Kaczki\Strategia_Kaczki.csproj", "{671967CA-DB22-462A-BD05-573EE8626D4E}"
EndProject
Project("{9A19103F-16F7-4668-BE54-9A1E7A4F7556}") = "Strategia_Sortowanie", "Strategia_Sortowanie\Strategia_Sortowanie.csproj", "{6B3E1227-C9CE-4CDF-A526-7EF5DDD7CA4F}"
EndProject
Project("{FAE04EC0-301F-11D3-BF4B-00C04F79EFBC}") = "Obserwator_YouTube", "Obserwator_YouTube\Obserwator_YouTube.csproj", "{CEB2B42C-4CC2-489B-A5FE-30FCA7F52746}"
EndProject
Project("{2150E333-8FDC-42A3-9474-1A3956D46DE8}") = "Dekorator", "Dekorator", "{02EA681E-C7D8-13C7-8484-4AC65E1B71E8}"
EndProject
Project("{FAE04EC0-301F-11D3-BF4B-00C04F79EFBC}") = "DecoratorLoggingExample", "DecoratorLoggingExample\DecoratorLoggingExample.csproj", "{A476844B-D4C8-4C11-BC10-14BF9E3F21A5}"
EndProject
Project("{2150E333-8FDC-42A3-9474-1A3956D46DE8}") = "OptionPattern", "OptionPattern", "{0C2F9150-8F25-4C27-9784-E26D7B8C7774}"
EndProject
Project("{FAE04EC0-301F-11D3-BF4B-00C04F79EFBC}") = "OptionPatternDatabaseExample", "OptionPatternDatabaseExample\OptionPatternDatabaseExample.csproj", "{91BCED48-11E7-40D0-B958-E640B99304E5}"
EndProject
Project("{2150E333-8FDC-42A3-9474-1A3956D46DE8}") = "Factory", "Factory", "{FD2F20F4-A33D-430C-9D77-8400ECAAACFB}"
EndProject
Project("{FAE04EC0-301F-11D3-BF4B-00C04F79EFBC}") = "PaymentGatewayFactory", "PaymentGatewayFactory\PaymentGatewayFactory.csproj", "{A591BDC4-7A54-4468-9260-B930400C5C1B}"
EndProject
Project("{FAE04EC0-301F-11D3-BF4B-00C04F79EFBC}") = "PaymentGatewayFactory.Tests", "PaymentGatewayFactory.Tests\PaymentGatewayFactory.Tests.csproj", "{43B10B23-48BA-4DA4-8E43-7D0C58E678AA}"
EndProject
Project("{2150E333-8FDC-42A3-9474-1A3956D46DE8}") = "Builder", "Builder", "{AF465153-9AB2-47FF-A185-A55173B60BE1}"
EndProject
Project("{FAE04EC0-301F-11D3-BF4B-00C04F79EFBC}") = "SimpleBuilder", "SimpleBuilder\SimpleBuilder.csproj", "{6D384583-6211-4525-A471-FC9599D97897}"
EndProject
Global
	GlobalSection(SolutionConfigurationPlatforms) = preSolution
		Debug|Any CPU = Debug|Any CPU
		Release|Any CPU = Release|Any CPU
	EndGlobalSection
	GlobalSection(ProjectConfigurationPlatforms) = postSolution
		{5537FAFD-CFE4-4440-9967-7B03D976935F}.Debug|Any CPU.ActiveCfg = Debug|Any CPU
		{5537FAFD-CFE4-4440-9967-7B03D976935F}.Debug|Any CPU.Build.0 = Debug|Any CPU
		{5537FAFD-CFE4-4440-9967-7B03D976935F}.Release|Any CPU.ActiveCfg = Release|Any CPU
		{5537FAFD-CFE4-4440-9967-7B03D976935F}.Release|Any CPU.Build.0 = Release|Any CPU
		{671967CA-DB22-462A-BD05-573EE8626D4E}.Debug|Any CPU.ActiveCfg = Debug|Any CPU
		{671967CA-DB22-462A-BD05-573EE8626D4E}.Debug|Any CPU.Build.0 = Debug|Any CPU
		{671967CA-DB22-462A-BD05-573EE8626D4E}.Release|Any CPU.ActiveCfg = Release|Any CPU
		{671967CA-DB22-462A-BD05-573EE8626D4E}.Release|Any CPU.Build.0 = Release|Any CPU
		{6B3E1227-C9CE-4CDF-A526-7EF5DDD7CA4F}.Debug|Any CPU.ActiveCfg = Debug|Any CPU
		{6B3E1227-C9CE-4CDF-A526-7EF5DDD7CA4F}.Debug|Any CPU.Build.0 = Debug|Any CPU
		{6B3E1227-C9CE-4CDF-A526-7EF5DDD7CA4F}.Release|Any CPU.ActiveCfg = Release|Any CPU
		{6B3E1227-C9CE-4CDF-A526-7EF5DDD7CA4F}.Release|Any CPU.Build.0 = Release|Any CPU
		{CEB2B42C-4CC2-489B-A5FE-30FCA7F52746}.Debug|Any CPU.ActiveCfg = Debug|Any CPU
		{CEB2B42C-4CC2-489B-A5FE-30FCA7F52746}.Debug|Any CPU.Build.0 = Debug|Any CPU
		{CEB2B42C-4CC2-489B-A5FE-30FCA7F52746}.Release|Any CPU.ActiveCfg = Release|Any CPU
		{CEB2B42C-4CC2-489B-A5FE-30FCA7F52746}.Release|Any CPU.Build.0 = Release|Any CPU
		{A476844B-D4C8-4C11-BC10-14BF9E3F21A5}.Debug|Any CPU.ActiveCfg = Debug|Any CPU
		{A476844B-D4C8-4C11-BC10-14BF9E3F21A5}.Debug|Any CPU.Build.0 = Debug|Any CPU
		{A476844B-D4C8-4C11-BC10-14BF9E3F21A5}.Release|Any CPU.ActiveCfg = Release|Any CPU
		{A476844B-D4C8-4C11-BC10-14BF9E3F21A5}.Release|Any CPU.Build.0 = Release|Any CPU
		{91BCED48-11E7-40D0-B958-E640B99304E5}.Debug|Any CPU.ActiveCfg = Debug|Any CPU
		{91BCED48-11E7-40D0-B958-E640B99304E5}.Debug|Any CPU.Build.0 = Debug|Any CPU
		{91BCED48-11E7-40D0-B958-E640B99304E5}.Release|Any CPU.ActiveCfg = Release|Any CPU
		{91BCED48-11E7-40D0-B958-E640B99304E5}.Release|Any CPU.Build.0 = Release|Any CPU
		{A591BDC4-7A54-4468-9260-B930400C5C1B}.Debug|Any CPU.ActiveCfg = Debug|Any CPU
		{A591BDC4-7A54-4468-9260-B930400C5C1B}.Debug|Any CPU.Build.0 = Debug|Any CPU
		{A591BDC4-7A54-4468-9260-B930400C5C1B}.Release|Any CPU.ActiveCfg = Release|Any CPU
		{A591BDC4-7A54-4468-9260-B930400C5C1B}.Release|Any CPU.Build.0 = Release|Any CPU
		{43B10B23-48BA-4DA4-8E43-7D0C58E678AA}.Debug|Any CPU.ActiveCfg = Debug|Any CPU
		{43B10B23-48BA-4DA4-8E43-7D0C58E678AA}.Debug|Any CPU.Build.0 = Debug|Any CPU
		{43B10B23-48BA-4DA4-8E43-7D0C58E678AA}.Release|Any CPU.ActiveCfg = Release|Any CPU
		{43B10B23-48BA-4DA4-8E43-7D0C58E678AA}.Release|Any CPU.Build.0 = Release|Any CPU
		{6D384583-6211-4525-A471-FC9599D97897}.Debug|Any CPU.ActiveCfg = Debug|Any CPU
		{6D384583-6211-4525-A471-FC9599D97897}.Debug|Any CPU.Build.0 = Debug|Any CPU
		{6D384583-6211-4525-A471-FC9599D97897}.Release|Any CPU.ActiveCfg = Release|Any CPU
		{6D384583-6211-4525-A471-FC9599D97897}.Release|Any CPU.Build.0 = Release|Any CPU
	EndGlobalSection
	GlobalSection(SolutionProperties) = preSolution
		HideSolutionNode = FALSE
	EndGlobalSection
	GlobalSection(NestedProjects) = preSolution
		{5537FAFD-CFE4-4440-9967-7B03D976935F} = {B86E4AE1-AAA4-479C-9B1A-CEEB8C8A0333}
		{671967CA-DB22-462A-BD05-573EE8626D4E} = {0543DD1C-F2B7-476B-B890-9656D3C07E74}
		{6B3E1227-C9CE-4CDF-A526-7EF5DDD7CA4F} = {0543DD1C-F2B7-476B-B890-9656D3C07E74}
		{CEB2B42C-4CC2-489B-A5FE-30FCA7F52746} = {B86E4AE1-AAA4-479C-9B1A-CEEB8C8A0333}
		{A476844B-D4C8-4C11-BC10-14BF9E3F21A5} = {02EA681E-C7D8-13C7-8484-4AC65E1B71E8}
		{91BCED48-11E7-40D0-B958-E640B99304E5} = {0C2F9150-8F25-4C27-9784-E26D7B8C7774}
		{A591BDC4-7A54-4468-9260-B930400C5C1B} = {FD2F20F4-A33D-430C-9D77-8400ECAAACFB}
		{43B10B23-48BA-4DA4-8E43-7D0C58E678AA} = {FD2F20F4-A33D-430C-9D77-8400ECAAACFB}
		{6D384583-6211-4525-A471-FC9599D97897} = {AF465153-9AB2-47FF-A185-A55173B60BE1}
	EndGlobalSection
	GlobalSection(ExtensibilityGlobals) = postSolution
		SolutionGuid = {1C639A88-C228-4A7B-8CA1-9C421C2C8299}
	EndGlobalSection
EndGlobal
